
Microsoft Visual Studio Solution File, Format Version 12.00
# Visual Studio Version 17
VisualStudioVersion = 17.2.32505.173
MinimumVisualStudioVersion = 10.0.40219.1
Project("{FAE04EC0-301F-11D3-BF4B-00C04F79EFBC}") = "FindMaximumValue", "FindMaximumValue\FindMaximumValue.csproj", "{6E886A0C-67DA-4EB0-B0D2-A291D55BD9B0}"
EndProject
Project("{FAE04EC0-301F-11D3-BF4B-00C04F79EFBC}") = "FindMaxvalueTestcase", "FindMaxvalueTestcase\FindMaxvalueTestcase.csproj", "{4D6F7D4E-7DB0-4C60-BD31-8EBF83B24BA9}"
EndProject
Global
	GlobalSection(SolutionConfigurationPlatforms) = preSolution
		Debug|Any CPU = Debug|Any CPU
		Release|Any CPU = Release|Any CPU
	EndGlobalSection
	GlobalSection(ProjectConfigurationPlatforms) = postSolution
		{6E886A0C-67DA-4EB0-B0D2-A291D55BD9B0}.Debug|Any CPU.ActiveCfg = Debug|Any CPU
		{6E886A0C-67DA-4EB0-B0D2-A291D55BD9B0}.Debug|Any CPU.Build.0 = Debug|Any CPU
		{6E886A0C-67DA-4EB0-B0D2-A291D55BD9B0}.Release|Any CPU.ActiveCfg = Release|Any CPU
		{6E886A0C-67DA-4EB0-B0D2-A291D55BD9B0}.Release|Any CPU.Build.0 = Release|Any CPU
		{4D6F7D4E-7DB0-4C60-BD31-8EBF83B24BA9}.Debug|Any CPU.ActiveCfg = Debug|Any CPU
		{4D6F7D4E-7DB0-4C60-BD31-8EBF83B24BA9}.Debug|Any CPU.Build.0 = Debug|Any CPU
		{4D6F7D4E-7DB0-4C60-BD31-8EBF83B24BA9}.Release|Any CPU.ActiveCfg = Release|Any CPU
		{4D6F7D4E-7DB0-4C60-BD31-8EBF83B24BA9}.Release|Any CPU.Build.0 = Release|Any CPU
	EndGlobalSection
	GlobalSection(SolutionProperties) = preSolution
		HideSolutionNode = FALSE
	EndGlobalSection
	GlobalSection(ExtensibilityGlobals) = postSolution
		SolutionGuid = {67C3D1C5-2CEE-45E7-B89F-D79D72D25D21}
	EndGlobalSection
EndGlobal
